{
  "name": "cron-human",
  "version": "1.0.0",
  "lockfileVersion": 3,
  "requires": true,
  "packages": {
    "": {
      "name": "cron-human",
      "version": "1.0.0",
      "license": "ISC",
      "dependencies": {
        "cronstrue": "^3.12.0",
        "node-cron": "^4.2.1"
      }
    },
    "node_modules/cronstrue": {
      "version": "3.12.0",
      "resolved": "https://registry.npmjs.org/cronstrue/-/cronstrue-3.12.0.tgz",
      "integrity": "sha512-k9oiM4G7U1GEEktOGfZabldP0gtFWTsaRVqq9X06ifytr73mpSYYdt+zGZBeS5lRCsqMfq0y7oSHycWGIJSo6g==",
      "license": "MIT",
      "bin": {
        "cronstrue": "bin/cli.js"
      }
    },
    "node_modules/node-cron": {
      "version": "4.2.1",
      "resolved": "https://registry.npmjs.org/node-cron/-/node-cron-4.2.1.tgz",
      "integrity": "sha512-lgimEHPE/QDgFlywTd8yTR61ptugX3Qer29efeyWw2rv259HtGBNn1vZVmp8lB9uo9wC0t/AT4iGqXxia+CJFg==",
      "license": "ISC",
      "engines": {
        "node": ">=6.0.0"
      }
    }
  }
}
